// !$*UTF8*$!
{
	archiveVersion = 1;
	classes = {
	};
	objectVersion = 77;
	objects = {

/* Begin PBXContainerItemProxy section */
		F49FB2DF2CE34AC500DE29C9 /* PBXContainerItemProxy */ = {
			isa = PBXContainerItemProxy;
			containerPortal = F49FB2C62CE34AC300DE29C9 /* Project object */;
			proxyType = 1;
			remoteGlobalIDString = F49FB2CD2CE34AC300DE29C9;
			remoteInfo = tiktaktoes;
		};
		F49FB2E92CE34AC500DE29C9 /* PBXContainerItemProxy */ = {
			isa = PBXContainerItemProxy;
			containerPortal = F49FB2C62CE34AC300DE29C9 /* Project object */;
			proxyType = 1;
			remoteGlobalIDString = F49FB2CD2CE34AC300DE29C9;
			remoteInfo = tiktaktoes;
		};
/* End PBXContainerItemProxy section */

/* Begin PBXFileReference section */
		F49FB2CE2CE34AC300DE29C9 /* tiktaktoes.app */ = {isa = PBXFileReference; explicitFileType = wrapper.application; includeInIndex = 0; path = tiktaktoes.app; sourceTree = BUILT_PRODUCTS_DIR; };
		F49FB2DE2CE34AC500DE29C9 /* tiktaktoesTests.xctest */ = {isa = PBXFileReference; explicitFileType = wrapper.cfbundle; includeInIndex = 0; path = tiktaktoesTests.xctest; sourceTree = BUILT_PRODUCTS_DIR; };
		F49FB2E82CE34AC500DE29C9 /* tiktaktoesUITests.xctest */ = {isa = PBXFileReference; explicitFileType = wrapper.cfbundle; includeInIndex = 0; path = tiktaktoesUITests.xctest; sourceTree = BUILT_PRODUCTS_DIR; };
/* End PBXFileReference section */

/* Begin PBXFileSystemSynchronizedRootGroup section */
		F49FB2D02CE34AC300DE29C9 /* tiktaktoes */ = {
			isa = PBXFileSystemSynchronizedRootGroup;
			path = tiktaktoes;
			sourceTree = "<group>";
		};
		F49FB2E12CE34AC500DE29C9 /* tiktaktoesTests */ = {
			isa = PBXFileSystemSynchronizedRootGroup;
			path = tiktaktoesTests;
			sourceTree = "<group>";
		};
		F49FB2EB2CE34AC500DE29C9 /* tiktaktoesUITests */ = {
			isa = PBXFileSystemSynchronizedRootGroup;
			path = tiktaktoesUITests;
			sourceTree = "<group>";
		};
/* End PBXFileSystemSynchronizedRootGroup section */

/* Begin PBXFrameworksBuildPhase section */
		F49FB2CB2CE34AC300DE29C9 /* Frameworks */ = {
			isa = PBXFrameworksBuildPhase;
			buildActionMask = 2147483647;
			files = (
			);
			runOnlyForDeploymentPostprocessing = 0;
		};
		F49FB2DB2CE34AC500DE29C9 /* Frameworks */ = {
			isa = PBXFrameworksBuildPhase;
			buildActionMask = 2147483647;
			files = (
			);
			runOnlyForDeploymentPostprocessing = 0;
		};
		F49FB2E52CE34AC500DE29C9 /* Frameworks */ = {
			isa = PBXFrameworksBuildPhase;
			buildActionMask = 2147483647;
			files = (
			);
			runOnlyForDeploymentPostprocessing = 0;
		};
/* End PBXFrameworksBuildPhase section */

/* Begin PBXGroup section */
		F49FB2C52CE34AC300DE29C9 = {
			isa = PBXGroup;
			children = (
				F49FB2D02CE34AC300DE29C9 /* tiktaktoes */,
				F49FB2E12CE34AC500DE29C9 /* tiktaktoesTests */,
				F49FB2EB2CE34AC500DE29C9 /* tiktaktoesUITests */,
				F49FB2CF2CE34AC300DE29C9 /* Products */,
			);
			sourceTree = "<group>";
		};
		F49FB2CF2CE34AC300DE29C9 /* Products */ = {
			isa = PBXGroup;
			children = (
				F49FB2CE2CE34AC300DE29C9 /* tiktaktoes.app */,
				F49FB2DE2CE34AC500DE29C9 /* tiktaktoesTests.xctest */,
				F49FB2E82CE34AC500DE29C9 /* tiktaktoesUITests.xctest */,
			);
			name = Products;
			sourceTree = "<group>";
		};
/* End PBXGroup section */

/* Begin PBXNativeTarget section */
		F49FB2CD2CE34AC300DE29C9 /* tiktaktoes */ = {
			isa = PBXNativeTarget;
			buildConfigurationList = F49FB2F22CE34AC500DE29C9 /* Build configuration list for PBXNativeTarget "tiktaktoes" */;
			buildPhases = (
				F49FB2CA2CE34AC300DE29C9 /* Sources */,
				F49FB2CB2CE34AC300DE29C9 /* Frameworks */,
				F49FB2CC2CE34AC300DE29C9 /* Resources */,
			);
			buildRules = (
			);
			dependencies = (
			);
			fileSystemSynchronizedGroups = (
				F49FB2D02CE34AC300DE29C9 /* tiktaktoes */,
			);
			name = tiktaktoes;
			packageProductDependencies = (
			);
			productName = tiktaktoes;
			productReference = F49FB2CE2CE34AC300DE29C9 /* tiktaktoes.app */;
			productType = "com.apple.product-type.application";
		};
		F49FB2DD2CE34AC500DE29C9 /* tiktaktoesTests */ = {
			isa = PBXNativeTarget;
			buildConfigurationList = F49FB2F52CE34AC500DE29C9 /* Build configuration list for PBXNativeTarget "tiktaktoesTests" */;
			buildPhases = (
				F49FB2DA2CE34AC500DE29C9 /* Sources */,
				F49FB2DB2CE34AC500DE29C9 /* Frameworks */,
				F49FB2DC2CE34AC500DE29C9 /* Resources */,
			);
			buildRules = (
			);
			dependencies = (
				F49FB2E02CE34AC500DE29C9 /* PBXTargetDependency */,
			);
			fileSystemSynchronizedGroups = (
				F49FB2E12CE34AC500DE29C9 /* tiktaktoesTests */,
			);
			name = tiktaktoesTests;
			packageProductDependencies = (
			);
			productName = tiktaktoesTests;
			productReference = F49FB2DE2CE34AC500DE29C9 /* tiktaktoesTests.xctest */;
			productType = "com.apple.product-type.bundle.unit-test";
		};
		F49FB2E72CE34AC500DE29C9 /* tiktaktoesUITests */ = {
			isa = PBXNativeTarget;
			buildConfigurationList = F49FB2F82CE34AC500DE29C9 /* Build configuration list for PBXNativeTarget "tiktaktoesUITests" */;
			buildPhases = (
				F49FB2E42CE34AC500DE29C9 /* Sources */,
				F49FB2E52CE34AC500DE29C9 /* Frameworks */,
				F49FB2E62CE34AC500DE29C9 /* Resources */,
			);
			buildRules = (
			);
			dependencies = (
				F49FB2EA2CE34AC500DE29C9 /* PBXTargetDependency */,
			);
			fileSystemSynchronizedGroups = (
				F49FB2EB2CE34AC500DE29C9 /* tiktaktoesUITests */,
			);
			name = tiktaktoesUITests;
			packageProductDependencies = (
			);
			productName = tiktaktoesUITests;
			productReference = F49FB2E82CE34AC500DE29C9 /* tiktaktoesUITests.xctest */;
			productType = "com.apple.product-type.bundle.ui-testing";
		};
/* End PBXNativeTarget section */

/* Begin PBXProject section */
		F49FB2C62CE34AC300DE29C9 /* Project object */ = {
			isa = PBXProject;
			attributes = {
				BuildIndependentTargetsInParallel = 1;
				LastSwiftUpdateCheck = 1610;
				LastUpgradeCheck = 1610;
				TargetAttributes = {
					F49FB2CD2CE34AC300DE29C9 = {
						CreatedOnToolsVersion = 16.1;
					};
					F49FB2DD2CE34AC500DE29C9 = {
						CreatedOnToolsVersion = 16.1;
						TestTargetID = F49FB2CD2CE34AC300DE29C9;
					};
					F49FB2E72CE34AC500DE29C9 = {
						CreatedOnToolsVersion = 16.1;
						TestTargetID = F49FB2CD2CE34AC300DE29C9;
					};
				};
			};
			buildConfigurationList = F49FB2C92CE34AC300DE29C9 /* Build configuration list for PBXProject "tiktaktoes" */;
			developmentRegion = en;
			hasScannedForEncodings = 0;
			knownRegions = (
				en,
				Base,
			);
			mainGroup = F49FB2C52CE34AC300DE29C9;
			minimizedProjectReferenceProxies = 1;
			preferredProjectObjectVersion = 77;
			productRefGroup = F49FB2CF2CE34AC300DE29C9 /* Products */;
			projectDirPath = "";
			projectRoot = "";
			targets = (
				F49FB2CD2CE34AC300DE29C9 /* tiktaktoes */,
				F49FB2DD2CE34AC500DE29C9 /* tiktaktoesTests */,
				F49FB2E72CE34AC500DE29C9 /* tiktaktoesUITests */,
			);
		};
/* End PBXProject section */

/* Begin PBXResourcesBuildPhase section */
		F49FB2CC2CE34AC300DE29C9 /* Resources */ = {
			isa = PBXResourcesBuildPhase;
			buildActionMask = 2147483647;
			files = (
			);
			runOnlyForDeploymentPostprocessing = 0;
		};
		F49FB2DC2CE34AC500DE29C9 /* Resources */ = {
			isa = PBXResourcesBuildPhase;
			buildActionMask = 2147483647;
			files = (
			);
			runOnlyForDeploymentPostprocessing = 0;
		};
		F49FB2E62CE34AC500DE29C9 /* Resources */ = {
			isa = PBXResourcesBuildPhase;
			buildActionMask = 2147483647;
			files = (
			);
			runOnlyForDeploymentPostprocessing = 0;
		};
/* End PBXResourcesBuildPhase section */

/* Begin PBXSourcesBuildPhase section */
		F49FB2CA2CE34AC300DE29C9 /* Sources */ = {
			isa = PBXSourcesBuildPhase;
			buildActionMask = 2147483647;
			files = (
			);
			runOnlyForDeploymentPostprocessing = 0;
		};
		F49FB2DA2CE34AC500DE29C9 /* Sources */ = {
			isa = PBXSourcesBuildPhase;
			buildActionMask = 2147483647;
			files = (
			);
			runOnlyForDeploymentPostprocessing = 0;
		};
		F49FB2E42CE34AC500DE29C9 /* Sources */ = {
			isa = PBXSourcesBuildPhase;
			buildActionMask = 2147483647;
			files = (
			);
			runOnlyForDeploymentPostprocessing = 0;
		};
/* End PBXSourcesBuildPhase section */

/* Begin PBXTargetDependency section */
		F49FB2E02CE34AC500DE29C9 /* PBXTargetDependency */ = {
			isa = PBXTargetDependency;
			target = F49FB2CD2CE34AC300DE29C9 /* tiktaktoes */;
			targetProxy = F49FB2DF2CE34AC500DE29C9 /* PBXContainerItemProxy */;
		};
		F49FB2EA2CE34AC500DE29C9 /* PBXTargetDependency */ = {
			isa = PBXTargetDependency;
			target = F49FB2CD2CE34AC300DE29C9 /* tiktaktoes */;
			targetProxy = F49FB2E92CE34AC500DE29C9 /* PBXContainerItemProxy */;
		};
/* End PBXTargetDependency section */

/* Begin XCBuildConfiguration section */
		F49FB2F02CE34AC500DE29C9 /* Debug */ = {
			isa = XCBuildConfiguration;
			buildSettings = {
				ALWAYS_SEARCH_USER_PATHS = NO;
				ASSETCATALOG_COMPILER_GENERATE_SWIFT_ASSET_SYMBOL_EXTENSIONS = YES;
				CLANG_ANALYZER_NONNULL = YES;
				CLANG_ANALYZER_NUMBER_OBJECT_CONVERSION = YES_AGGRESSIVE;
				CLANG_CXX_LANGUAGE_STANDARD = "gnu++20";
				CLANG_ENABLE_MODULES = YES;
				CLANG_ENABLE_OBJC_ARC = YES;
				CLANG_ENABLE_OBJC_WEAK = YES;
				CLANG_WARN_BLOCK_CAPTURE_AUTORELEASING = YES;
				CLANG_WARN_BOOL_CONVERSION = YES;
				CLANG_WARN_COMMA = YES;
				CLANG_WARN_CONSTANT_CONVERSION = YES;
				CLANG_WARN_DEPRECATED_OBJC_IMPLEMENTATIONS = YES;
				CLANG_WARN_DIRECT_OBJC_ISA_USAGE = YES_ERROR;
				CLANG_WARN_DOCUMENTATION_COMMENTS = YES;
				CLANG_WARN_EMPTY_BODY = YES;
				CLANG_WARN_ENUM_CONVERSION = YES;
				CLANG_WARN_INFINITE_RECURSION = YES;
				CLANG_WARN_INT_CONVERSION = YES;
				CLANG_WARN_NON_LITERAL_NULL_CONVERSION = YES;
				CLANG_WARN_OBJC_IMPLICIT_RETAIN_SELF = YES;
				CLANG_WARN_OBJC_LITERAL_CONVERSION = YES;
				CLANG_WARN_OBJC_ROOT_CLASS = YES_ERROR;
				CLANG_WARN_QUOTED_INCLUDE_IN_FRAMEWORK_HEADER = YES;
				CLANG_WARN_RANGE_LOOP_ANALYSIS = YES;
				CLANG_WARN_STRICT_PROTOTYPES = YES;
				CLANG_WARN_SUSPICIOUS_MOVE = YES;
				CLANG_WARN_UNGUARDED_AVAILABILITY = YES_AGGRESSIVE;
				CLANG_WARN_UNREACHABLE_CODE = YES;
				CLANG_WARN__DUPLICATE_METHOD_MATCH = YES;
				COPY_PHASE_STRIP = NO;
				DEBUG_INFORMATION_FORMAT = dwarf;
				ENABLE_STRICT_OBJC_MSGSEND = YES;
				ENABLE_TESTABILITY = YES;
				ENABLE_USER_SCRIPT_SANDBOXING = YES;
				GCC_C_LANGUAGE_STANDARD = gnu17;
				GCC_DYNAMIC_NO_PIC = NO;
				GCC_NO_COMMON_BLOCKS = YES;
				GCC_OPTIMIZATION_LEVEL = 0;
				GCC_PREPROCESSOR_DEFINITIONS = (
					"DEBUG=1",
					"$(inherited)",
				);
				GCC_WARN_64_TO_32_BIT_CONVERSION = YES;
				GCC_WARN_ABOUT_RETURN_TYPE = YES_ERROR;
				GCC_WARN_UNDECLARED_SELECTOR = YES;
				GCC_WARN_UNINITIALIZED_AUTOS = YES_AGGRESSIVE;
				GCC_WARN_UNUSED_FUNCTION = YES;
				GCC_WARN_UNUSED_VARIABLE = YES;
				IPHONEOS_DEPLOYMENT_TARGET = 18.1;
				LOCALIZATION_PREFERS_STRING_CATALOGS = YES;
				MTL_ENABLE_DEBUG_INFO = INCLUDE_SOURCE;
				MTL_FAST_MATH = YES;
				ONLY_ACTIVE_ARCH = YES;
				SDKROOT = iphoneos;
				SWIFT_ACTIVE_COMPILATION_CONDITIONS = "DEBUG $(inherited)";
				SWIFT_OPTIMIZATION_LEVEL = "-Onone";
			};
			name = Debug;
		};
		F49FB2F12CE34AC500DE29C9 /* Release */ = {
			isa = XCBuildConfiguration;
			buildSettings = {
				ALWAYS_SEARCH_USER_PATHS = NO;
				ASSETCATALOG_COMPILER_GENERATE_SWIFT_ASSET_SYMBOL_EXTENSIONS = YES;
				CLANG_ANALYZER_NONNULL = YES;
				CLANG_ANALYZER_NUMBER_OBJECT_CONVERSION = YES_AGGRESSIVE;
				CLANG_CXX_LANGUAGE_STANDARD = "gnu++20";
				CLANG_ENABLE_MODULES = YES;
				CLANG_ENABLE_OBJC_ARC = YES;
				CLANG_ENABLE_OBJC_WEAK = YES;
				CLANG_WARN_BLOCK_CAPTURE_AUTORELEASING = YES;
				CLANG_WARN_BOOL_CONVERSION = YES;
				CLANG_WARN_COMMA = YES;
				CLANG_WARN_CONSTANT_CONVERSION = YES;
				CLANG_WARN_DEPRECATED_OBJC_IMPLEMENTATIONS = YES;
				CLANG_WARN_DIRECT_OBJC_ISA_USAGE = YES_ERROR;
				CLANG_WARN_DOCUMENTATION_COMMENTS = YES;
				CLANG_WARN_EMPTY_BODY = YES;
				CLANG_WARN_ENUM_CONVERSION = YES;
				CLANG_WARN_INFINITE_RECURSION = YES;
				CLANG_WARN_INT_CONVERSION = YES;
				CLANG_WARN_NON_LITERAL_NULL_CONVERSION = YES;
				CLANG_WARN_OBJC_IMPLICIT_RETAIN_SELF = YES;
				CLANG_WARN_OBJC_LITERAL_CONVERSION = YES;
				CLANG_WARN_OBJC_ROOT_CLASS = YES_ERROR;
				CLANG_WARN_QUOTED_INCLUDE_IN_FRAMEWORK_HEADER = YES;
				CLANG_WARN_RANGE_LOOP_ANALYSIS = YES;
				CLANG_WARN_STRICT_PROTOTYPES = YES;
				CLANG_WARN_SUSPICIOUS_MOVE = YES;
				CLANG_WARN_UNGUARDED_AVAILABILITY = YES_AGGRESSIVE;
				CLANG_WARN_UNREACHABLE_CODE = YES;
				CLANG_WARN__DUPLICATE_METHOD_MATCH = YES;
				COPY_PHASE_STRIP = NO;
				DEBUG_INFORMATION_FORMAT = "dwarf-with-dsym";
				ENABLE_NS_ASSERTIONS = NO;
				ENABLE_STRICT_OBJC_MSGSEND = YES;
				ENABLE_USER_SCRIPT_SANDBOXING = YES;
				GCC_C_LANGUAGE_STANDARD = gnu17;
				GCC_NO_COMMON_BLOCKS = YES;
				GCC_WARN_64_TO_32_BIT_CONVERSION = YES;
				GCC_WARN_ABOUT_RETURN_TYPE = YES_ERROR;
				GCC_WARN_UNDECLARED_SELECTOR = YES;
				GCC_WARN_UNINITIALIZED_AUTOS = YES_AGGRESSIVE;
				GCC_WARN_UNUSED_FUNCTION = YES;
				GCC_WARN_UNUSED_VARIABLE = YES;
				IPHONEOS_DEPLOYMENT_TARGET = 18.1;
				LOCALIZATION_PREFERS_STRING_CATALOGS = YES;
				MTL_ENABLE_DEBUG_INFO = NO;
				MTL_FAST_MATH = YES;
				SDKROOT = iphoneos;
				SWIFT_COMPILATION_MODE = wholemodule;
				VALIDATE_PRODUCT = YES;
			};
			name = Release;
		};
		F49FB2F32CE34AC500DE29C9 /* Debug */ = {
			isa = XCBuildConfiguration;
			buildSettings = {
				ASSETCATALOG_COMPILER_APPICON_NAME = AppIcon;
				ASSETCATALOG_COMPILER_GLOBAL_ACCENT_COLOR_NAME = AccentColor;
				CODE_SIGN_STYLE = Automatic;
				CURRENT_PROJECT_VERSION = 1;
				DEVELOPMENT_ASSET_PATHS = "\"tiktaktoes/Preview Content\"";
				ENABLE_PREVIEWS = YES;
				GENERATE_INFOPLIST_FILE = YES;
				INFOPLIST_KEY_UIApplicationSceneManifest_Generation = YES;
				INFOPLIST_KEY_UIApplicationSupportsIndirectInputEvents = YES;
				INFOPLIST_KEY_UILaunchScreen_Generation = YES;
				INFOPLIST_KEY_UISupportedInterfaceOrientations_iPad = "UIInterfaceOrientationPortrait UIInterfaceOrientationPortraitUpsideDown UIInterfaceOrientationLandscapeLeft UIInterfaceOrientationLandscapeRight";
				INFOPLIST_KEY_UISupportedInterfaceOrientations_iPhone = "UIInterfaceOrientationPortrait UIInterfaceOrientationLandscapeLeft UIInterfaceOrientationLandscapeRight";
				LD_RUNPATH_SEARCH_PATHS = (
					"$(inherited)",
					"@executable_path/Frameworks",
				);
				MARKETING_VERSION = 1.0;
				PRODUCT_BUNDLE_IDENTIFIER = com.dylannguyen.tiktaktoes;
				PRODUCT_NAME = "$(TARGET_NAME)";
				SWIFT_EMIT_LOC_STRINGS = YES;
				SWIFT_VERSION = 5.0;
				TARGETED_DEVICE_FAMILY = "1,2";
			};
			name = Debug;
		};
		F49FB2F42CE34AC500DE29C9 /* Release */ = {
			isa = XCBuildConfiguration;
			buildSettings = {
				ASSETCATALOG_COMPILER_APPICON_NAME = AppIcon;
				ASSETCATALOG_COMPILER_GLOBAL_ACCENT_COLOR_NAME = AccentColor;
				CODE_SIGN_STYLE = Automatic;
				CURRENT_PROJECT_VERSION = 1;
				DEVELOPMENT_ASSET_PATHS = "\"tiktaktoes/Preview Content\"";
				ENABLE_PREVIEWS = YES;
				GENERATE_INFOPLIST_FILE = YES;
				INFOPLIST_KEY_UIApplicationSceneManifest_Generation = YES;
				INFOPLIST_KEY_UIApplicationSupportsIndirectInputEvents = YES;
				INFOPLIST_KEY_UILaunchScreen_Generation = YES;
				INFOPLIST_KEY_UISupportedInterfaceOrientations_iPad = "UIInterfaceOrientationPortrait UIInterfaceOrientationPortraitUpsideDown UIInterfaceOrientationLandscapeLeft UIInterfaceOrientationLandscapeRight";
				INFOPLIST_KEY_UISupportedInterfaceOrientations_iPhone = "UIInterfaceOrientationPortrait UIInterfaceOrientationLandscapeLeft UIInterfaceOrientationLandscapeRight";
				LD_RUNPATH_SEARCH_PATHS = (
					"$(inherited)",
					"@executable_path/Frameworks",
				);
				MARKETING_VERSION = 1.0;
				PRODUCT_BUNDLE_IDENTIFIER = com.dylannguyen.tiktaktoes;
				PRODUCT_NAME = "$(TARGET_NAME)";
				SWIFT_EMIT_LOC_STRINGS = YES;
				SWIFT_VERSION = 5.0;
				TARGETED_DEVICE_FAMILY = "1,2";
			};
			name = Release;
		};
		F49FB2F62CE34AC500DE29C9 /* Debug */ = {
			isa = XCBuildConfiguration;
			buildSettings = {
				BUNDLE_LOADER = "$(TEST_HOST)";
				CODE_SIGN_STYLE = Automatic;
				CURRENT_PROJECT_VERSION = 1;
				GENERATE_INFOPLIST_FILE = YES;
				IPHONEOS_DEPLOYMENT_TARGET = 18.1;
				MARKETING_VERSION = 1.0;
				PRODUCT_BUNDLE_IDENTIFIER = com.dylannguyen.tiktaktoesTests;
				PRODUCT_NAME = "$(TARGET_NAME)";
				SWIFT_EMIT_LOC_STRINGS = NO;
				SWIFT_VERSION = 5.0;
				TARGETED_DEVICE_FAMILY = "1,2";
				TEST_HOST = "$(BUILT_PRODUCTS_DIR)/tiktaktoes.app/$(BUNDLE_EXECUTABLE_FOLDER_PATH)/tiktaktoes";
			};
			name = Debug;
		};
		F49FB2F72CE34AC500DE29C9 /* Release */ = {
			isa = XCBuildConfiguration;
			buildSettings = {
				BUNDLE_LOADER = "$(TEST_HOST)";
				CODE_SIGN_STYLE = Automatic;
				CURRENT_PROJECT_VERSION = 1;
				GENERATE_INFOPLIST_FILE = YES;
				IPHONEOS_DEPLOYMENT_TARGET = 18.1;
				MARKETING_VERSION = 1.0;
				PRODUCT_BUNDLE_IDENTIFIER = com.dylannguyen.tiktaktoesTests;
				PRODUCT_NAME = "$(TARGET_NAME)";
				SWIFT_EMIT_LOC_STRINGS = NO;
				SWIFT_VERSION = 5.0;
				TARGETED_DEVICE_FAMILY = "1,2";
				TEST_HOST = "$(BUILT_PRODUCTS_DIR)/tiktaktoes.app/$(BUNDLE_EXECUTABLE_FOLDER_PATH)/tiktaktoes";
			};
			name = Release;
		};
		F49FB2F92CE34AC500DE29C9 /* Debug */ = {
			isa = XCBuildConfiguration;
			buildSettings = {
				CODE_SIGN_STYLE = Automatic;
				CURRENT_PROJECT_VERSION = 1;
				GENERATE_INFOPLIST_FILE = YES;
				MARKETING_VERSION = 1.0;
				PRODUCT_BUNDLE_IDENTIFIER = com.dylannguyen.tiktaktoesUITests;
				PRODUCT_NAME = "$(TARGET_NAME)";
				SWIFT_EMIT_LOC_STRINGS = NO;
				SWIFT_VERSION = 5.0;
				TARGETED_DEVICE_FAMILY = "1,2";
				TEST_TARGET_NAME = tiktaktoes;
			};
			name = Debug;
		};
		F49FB2FA2CE34AC500DE29C9 /* Release */ = {
			isa = XCBuildConfiguration;
			buildSettings = {
				CODE_SIGN_STYLE = Automatic;
				CURRENT_PROJECT_VERSION = 1;
				GENERATE_INFOPLIST_FILE = YES;
				MARKETING_VERSION = 1.0;
				PRODUCT_BUNDLE_IDENTIFIER = com.dylannguyen.tiktaktoesUITests;
				PRODUCT_NAME = "$(TARGET_NAME)";
				SWIFT_EMIT_LOC_STRINGS = NO;
				SWIFT_VERSION = 5.0;
				TARGETED_DEVICE_FAMILY = "1,2";
				TEST_TARGET_NAME = tiktaktoes;
			};
			name = Release;
		};
/* End XCBuildConfiguration section */

/* Begin XCConfigurationList section */
		F49FB2C92CE34AC300DE29C9 /* Build configuration list for PBXProject "tiktaktoes" */ = {
			isa = XCConfigurationList;
			buildConfigurations = (
				F49FB2F02CE34AC500DE29C9 /* Debug */,
				F49FB2F12CE34AC500DE29C9 /* Release */,
			);
			defaultConfigurationIsVisible = 0;
			defaultConfigurationName = Release;
		};
		F49FB2F22CE34AC500DE29C9 /* Build configuration list for PBXNativeTarget "tiktaktoes" */ = {
			isa = XCConfigurationList;
			buildConfigurations = (
				F49FB2F32CE34AC500DE29C9 /* Debug */,
				F49FB2F42CE34AC500DE29C9 /* Release */,
			);
			defaultConfigurationIsVisible = 0;
			defaultConfigurationName = Release;
		};
		F49FB2F52CE34AC500DE29C9 /* Build configuration list for PBXNativeTarget "tiktaktoesTests" */ = {
			isa = XCConfigurationList;
			buildConfigurations = (
				F49FB2F62CE34AC500DE29C9 /* Debug */,
				F49FB2F72CE34AC500DE29C9 /* Release */,
			);
			defaultConfigurationIsVisible = 0;
			defaultConfigurationName = Release;
		};
		F49FB2F82CE34AC500DE29C9 /* Build configuration list for PBXNativeTarget "tiktaktoesUITests" */ = {
			isa = XCConfigurationList;
			buildConfigurations = (
				F49FB2F92CE34AC500DE29C9 /* Debug */,
				F49FB2FA2CE34AC500DE29C9 /* Release */,
			);
			defaultConfigurationIsVisible = 0;
			defaultConfigurationName = Release;
		};
/* End XCConfigurationList section */
	};
	rootObject = F49FB2C62CE34AC300DE29C9 /* Project object */;
}
